
Microsoft Visual Studio Solution File, Format Version 12.00
# Visual Studio Version 16
VisualStudioVersion = 16.0.29411.108
MinimumVisualStudioVersion = 10.0.40219.1
Project("{9A19103F-16F7-4668-BE54-9A1E7A4F7556}") = "ApiChamado", "ApiChamado\ApiChamado.csproj", "{5C27040C-2F5A-4492-9E60-9EE73A5D505D}"
EndProject
Project("{9A19103F-16F7-4668-BE54-9A1E7A4F7556}") = "ApiChamado.Domain", "ApiChamado.Domain\ApiChamado.Domain.csproj", "{0DBC8FC1-CD18-4715-A979-EFBF3FDB0471}"
EndProject
Project("{9A19103F-16F7-4668-BE54-9A1E7A4F7556}") = "ApiChamado.Service", "ApiChamado.Service\ApiChamado.Service.csproj", "{FB3FCBAC-083E-45A2-9AEC-6E044AA56369}"
EndProject
Project("{FAE04EC0-301F-11D3-BF4B-00C04F79EFBC}") = "ConsoleApp1", "ConsoleApp1\ConsoleApp1.csproj", "{6A12DBC3-2692-411D-8C42-F7884FAE8401}"
EndProject
Global
	GlobalSection(SolutionConfigurationPlatforms) = preSolution
		Debug|Any CPU = Debug|Any CPU
		Release|Any CPU = Release|Any CPU
	EndGlobalSection
	GlobalSection(ProjectConfigurationPlatforms) = postSolution
		{5C27040C-2F5A-4492-9E60-9EE73A5D505D}.Debug|Any CPU.ActiveCfg = Debug|Any CPU
		{5C27040C-2F5A-4492-9E60-9EE73A5D505D}.Debug|Any CPU.Build.0 = Debug|Any CPU
		{5C27040C-2F5A-4492-9E60-9EE73A5D505D}.Release|Any CPU.ActiveCfg = Release|Any CPU
		{5C27040C-2F5A-4492-9E60-9EE73A5D505D}.Release|Any CPU.Build.0 = Release|Any CPU
		{0DBC8FC1-CD18-4715-A979-EFBF3FDB0471}.Debug|Any CPU.ActiveCfg = Debug|Any CPU
		{0DBC8FC1-CD18-4715-A979-EFBF3FDB0471}.Debug|Any CPU.Build.0 = Debug|Any CPU
		{0DBC8FC1-CD18-4715-A979-EFBF3FDB0471}.Release|Any CPU.ActiveCfg = Release|Any CPU
		{0DBC8FC1-CD18-4715-A979-EFBF3FDB0471}.Release|Any CPU.Build.0 = Release|Any CPU
		{FB3FCBAC-083E-45A2-9AEC-6E044AA56369}.Debug|Any CPU.ActiveCfg = Debug|Any CPU
		{FB3FCBAC-083E-45A2-9AEC-6E044AA56369}.Debug|Any CPU.Build.0 = Debug|Any CPU
		{FB3FCBAC-083E-45A2-9AEC-6E044AA56369}.Release|Any CPU.ActiveCfg = Release|Any CPU
		{FB3FCBAC-083E-45A2-9AEC-6E044AA56369}.Release|Any CPU.Build.0 = Release|Any CPU
		{6A12DBC3-2692-411D-8C42-F7884FAE8401}.Debug|Any CPU.ActiveCfg = Debug|Any CPU
		{6A12DBC3-2692-411D-8C42-F7884FAE8401}.Debug|Any CPU.Build.0 = Debug|Any CPU
		{6A12DBC3-2692-411D-8C42-F7884FAE8401}.Release|Any CPU.ActiveCfg = Release|Any CPU
		{6A12DBC3-2692-411D-8C42-F7884FAE8401}.Release|Any CPU.Build.0 = Release|Any CPU
	EndGlobalSection
	GlobalSection(SolutionProperties) = preSolution
		HideSolutionNode = FALSE
	EndGlobalSection
	GlobalSection(ExtensibilityGlobals) = postSolution
		SolutionGuid = {C1C2739A-379B-4D36-95AE-30CED409F26B}
	EndGlobalSection
EndGlobal
